
Microsoft Visual Studio Solution File, Format Version 12.00
# Visual Studio 15
VisualStudioVersion = 15.0.27130.2027
MinimumVisualStudioVersion = 10.0.40219.1
Project("{FAE04EC0-301F-11D3-BF4B-00C04F79EFBC}") = "WebService", "WebService\WebService.csproj", "{BF65DE4C-FBE6-400B-B121-60A555A3C58C}"
EndProject
Global
	GlobalSection(SolutionConfigurationPlatforms) = preSolution
		Debug|Any CPU = Debug|Any CPU
		Release|Any CPU = Release|Any CPU
	EndGlobalSection
	GlobalSection(ProjectConfigurationPlatforms) = postSolution
		{BF65DE4C-FBE6-400B-B121-60A555A3C58C}.Debug|Any CPU.ActiveCfg = Debug|Any CPU
		{BF65DE4C-FBE6-400B-B121-60A555A3C58C}.Debug|Any CPU.Build.0 = Debug|Any CPU
		{BF65DE4C-FBE6-400B-B121-60A555A3C58C}.Release|Any CPU.ActiveCfg = Release|Any CPU
		{BF65DE4C-FBE6-400B-B121-60A555A3C58C}.Release|Any CPU.Build.0 = Release|Any CPU
	EndGlobalSection
	GlobalSection(SolutionProperties) = preSolution
		HideSolutionNode = FALSE
	EndGlobalSection
	GlobalSection(ExtensibilityGlobals) = postSolution
		SolutionGuid = {D6CEE5D1-C824-4755-AC6B-5309BAA0DDD0}
	EndGlobalSection
EndGlobal
